
Microsoft Visual Studio Solution File, Format Version 12.00
# Visual Studio 2012
Project("{FAE04EC0-301F-11D3-BF4B-00C04F79EFBC}") = "pert4_50420221", "pert4_50420221\pert4_50420221.csproj", "{28EC9F1C-602C-4D83-AFB7-FE8740F85D51}"
EndProject
Global
	GlobalSection(SolutionConfigurationPlatforms) = preSolution
		Debug|Any CPU = Debug|Any CPU
		Release|Any CPU = Release|Any CPU
	EndGlobalSection
	GlobalSection(ProjectConfigurationPlatforms) = postSolution
		{28EC9F1C-602C-4D83-AFB7-FE8740F85D51}.Debug|Any CPU.ActiveCfg = Debug|Any CPU
		{28EC9F1C-602C-4D83-AFB7-FE8740F85D51}.Debug|Any CPU.Build.0 = Debug|Any CPU
		{28EC9F1C-602C-4D83-AFB7-FE8740F85D51}.Release|Any CPU.ActiveCfg = Release|Any CPU
		{28EC9F1C-602C-4D83-AFB7-FE8740F85D51}.Release|Any CPU.Build.0 = Release|Any CPU
	EndGlobalSection
	GlobalSection(SolutionProperties) = preSolution
		HideSolutionNode = FALSE
	EndGlobalSection
EndGlobal
